PODS:
  - Flutter (1.0.0)
  - FMDB (2.7.5):
    - FMDB/standard (= 2.7.5)
  - FMDB/standard (2.7.5)
  - google_maps_flutter_ios (0.0.1):
    - Flutter
    - GoogleMaps (< 8.0)
  - GoogleMaps (7.4.0):
    - GoogleMaps/Maps (= 7.4.0)
  - GoogleMaps/Base (7.4.0)
  - GoogleMaps/Maps (7.4.0):
    - GoogleMaps/Base
  - integration_test (0.0.1):
    - Flutter
  - location (0.0.1):
    - Flutter
  - map_launcher (0.0.1):
    - Flutter
  - package_info_plus (0.4.5):
    - Flutter
  - path_provider_foundation (0.0.1):
    - Flutter
    - FlutterMacOS
  - Sentry/HybridSDK (8.9.1):
    - SentryPrivate (= 8.9.1)
  - sentry_flutter (0.0.1):
    - Flutter
    - FlutterMacOS
    - Sentry/HybridSDK (= 8.9.1)
  - SentryPrivate (8.9.1)
  - shared_preferences_foundation (0.0.1):
    - Flutter
    - FlutterMacOS
  - sqflite (0.0.3):
    - Flutter
    - FMDB (>= 2.7.5)

DEPENDENCIES:
  - Flutter (from `Flutter`)
  - google_maps_flutter_ios (from `.symlinks/plugins/google_maps_flutter_ios/ios`)
  - integration_test (from `.symlinks/plugins/integration_test/ios`)
  - location (from `.symlinks/plugins/location/ios`)
  - map_launcher (from `.symlinks/plugins/map_launcher/ios`)
  - package_info_plus (from `.symlinks/plugins/package_info_plus/ios`)
  - path_provider_foundation (from `.symlinks/plugins/path_provider_foundation/darwin`)
  - sentry_flutter (from `.symlinks/plugins/sentry_flutter/ios`)
  - shared_preferences_foundation (from `.symlinks/plugins/shared_preferences_foundation/darwin`)
  - sqflite (from `.symlinks/plugins/sqflite/ios`)

SPEC REPOS:
  trunk:
    - FMDB
    - GoogleMaps
    - Sentry
    - SentryPrivate

EXTERNAL SOURCES:
  Flutter:
    :path: Flutter
  google_maps_flutter_ios:
    :path: ".symlinks/plugins/google_maps_flutter_ios/ios"
  integration_test:
    :path: ".symlinks/plugins/integration_test/ios"
  location:
    :path: ".symlinks/plugins/location/ios"
  map_launcher:
    :path: ".symlinks/plugins/map_launcher/ios"
  package_info_plus:
    :path: ".symlinks/plugins/package_info_plus/ios"
  path_provider_foundation:
    :path: ".symlinks/plugins/path_provider_foundation/darwin"
  sentry_flutter:
    :path: ".symlinks/plugins/sentry_flutter/ios"
  shared_preferences_foundation:
    :path: ".symlinks/plugins/shared_preferences_foundation/darwin"
  sqflite:
    :path: ".symlinks/plugins/sqflite/ios"

SPEC CHECKSUMS:
  Flutter: f04841e97a9d0b0a8025694d0796dd46242b2854
  FMDB: 2ce00b547f966261cd18927a3ddb07cb6f3db82a
  google_maps_flutter_ios: abdac20d6ce8931f6ebc5f46616df241bfaa2cfd
  GoogleMaps: 032f676450ba0779bd8ce16840690915f84e57ac
  integration_test: 13825b8a9334a850581300559b8839134b124670
  location: d5cf8598915965547c3f36761ae9cc4f4e87d22e
  map_launcher: e325db1261d029ff33e08e03baccffe09593ffea
  package_info_plus: fd030dabf36271f146f1f3beacd48f564b0f17f7
  path_provider_foundation: 29f094ae23ebbca9d3d0cec13889cd9060c0e943
  Sentry: e3203780941722a1fcfee99e351de14244c7f806
  sentry_flutter: 8f0ffd53088e6a4d50c095852c5cad9e4405025c
  SentryPrivate: 5e3683390f66611fc7c6215e27645873adb55d13
  shared_preferences_foundation: 5b919d13b803cadd15ed2dc053125c68730e5126
  sqflite: 31f7eba61e3074736dff8807a9b41581e4f7f15a

PODFILE CHECKSUM: 11eef7367984e3579585a872ba2d9cb0a619829a

COCOAPODS: 1.11.3
